
Microsoft Visual Studio Solution File, Format Version 12.00
# Visual Studio Version 17
VisualStudioVersion = 17.0.31903.59
MinimumVisualStudioVersion = 10.0.40219.1
Project("{2150E333-8FDC-42A3-9474-1A3956D46DE8}") = "src", "src", "{827E0CD3-B72D-47B6-A68D-7590B98EB39B}"
EndProject
Project("{FAE04EC0-301F-11D3-BF4B-00C04F79EFBC}") = "EventGateway", "src\EventGateway\EventGateway.csproj", "{5A50D104-4300-42B8-B653-A1C6A638CCDF}"
EndProject
Project("{FAE04EC0-301F-11D3-BF4B-00C04F79EFBC}") = "AccountService", "src\AccountService\AccountService.csproj", "{81355DF5-4D04-497B-84D2-D6DC13926915}"
EndProject
Project("{2150E333-8FDC-42A3-9474-1A3956D46DE8}") = "tests", "tests", "{0AB3BF05-4346-4AA6-1389-037BE0695223}"
EndProject
Project("{FAE04EC0-301F-11D3-BF4B-00C04F79EFBC}") = "EventGateway.Tests", "tests\EventGateway.Tests\EventGateway.Tests.csproj", "{55E2358D-7307-4CD8-89E7-A13317A70CCE}"
EndProject
Project("{FAE04EC0-301F-11D3-BF4B-00C04F79EFBC}") = "AccountService.Tests", "tests\AccountService.Tests\AccountService.Tests.csproj", "{37E9EEFA-B714-4F59-B7FF-3CA0353A7D65}"
EndProject
Global
	GlobalSection(SolutionConfigurationPlatforms) = preSolution
		Debug|Any CPU = Debug|Any CPU
		Debug|x64 = Debug|x64
		Debug|x86 = Debug|x86
		Release|Any CPU = Release|Any CPU
		Release|x64 = Release|x64
		Release|x86 = Release|x86
	EndGlobalSection
	GlobalSection(ProjectConfigurationPlatforms) = postSolution
		{5A50D104-4300-42B8-B653-A1C6A638CCDF}.Debug|Any CPU.ActiveCfg = Debug|Any CPU
		{5A50D104-4300-42B8-B653-A1C6A638CCDF}.Debug|Any CPU.Build.0 = Debug|Any CPU
		{5A50D104-4300-42B8-B653-A1C6A638CCDF}.Debug|x64.ActiveCfg = Debug|Any CPU
		{5A50D104-4300-42B8-B653-A1C6A638CCDF}.Debug|x64.Build.0 = Debug|Any CPU
		{5A50D104-4300-42B8-B653-A1C6A638CCDF}.Debug|x86.ActiveCfg = Debug|Any CPU
		{5A50D104-4300-42B8-B653-A1C6A638CCDF}.Debug|x86.Build.0 = Debug|Any CPU
		{5A50D104-4300-42B8-B653-A1C6A638CCDF}.Release|Any CPU.ActiveCfg = Release|Any CPU
		{5A50D104-4300-42B8-B653-A1C6A638CCDF}.Release|Any CPU.Build.0 = Release|Any CPU
		{5A50D104-4300-42B8-B653-A1C6A638CCDF}.Release|x64.ActiveCfg = Release|Any CPU
		{5A50D104-4300-42B8-B653-A1C6A638CCDF}.Release|x64.Build.0 = Release|Any CPU
		{5A50D104-4300-42B8-B653-A1C6A638CCDF}.Release|x86.ActiveCfg = Release|Any CPU
		{5A50D104-4300-42B8-B653-A1C6A638CCDF}.Release|x86.Build.0 = Release|Any CPU
		{81355DF5-4D04-497B-84D2-D6DC13926915}.Debug|Any CPU.ActiveCfg = Debug|Any CPU
		{81355DF5-4D04-497B-84D2-D6DC13926915}.Debug|Any CPU.Build.0 = Debug|Any CPU
		{81355DF5-4D04-497B-84D2-D6DC13926915}.Debug|x64.ActiveCfg = Debug|Any CPU
		{81355DF5-4D04-497B-84D2-D6DC13926915}.Debug|x64.Build.0 = Debug|Any CPU
		{81355DF5-4D04-497B-84D2-D6DC13926915}.Debug|x86.ActiveCfg = Debug|Any CPU
		{81355DF5-4D04-497B-84D2-D6DC13926915}.Debug|x86.Build.0 = Debug|Any CPU
		{81355DF5-4D04-497B-84D2-D6DC13926915}.Release|Any CPU.ActiveCfg = Release|Any CPU
		{81355DF5-4D04-497B-84D2-D6DC13926915}.Release|Any CPU.Build.0 = Release|Any CPU
		{81355DF5-4D04-497B-84D2-D6DC13926915}.Release|x64.ActiveCfg = Release|Any CPU
		{81355DF5-4D04-497B-84D2-D6DC13926915}.Release|x64.Build.0 = Release|Any CPU
		{81355DF5-4D04-497B-84D2-D6DC13926915}.Release|x86.ActiveCfg = Release|Any CPU
		{81355DF5-4D04-497B-84D2-D6DC13926915}.Release|x86.Build.0 = Release|Any CPU
		{55E2358D-7307-4CD8-89E7-A13317A70CCE}.Debug|Any CPU.ActiveCfg = Debug|Any CPU
		{55E2358D-7307-4CD8-89E7-A13317A70CCE}.Debug|Any CPU.Build.0 = Debug|Any CPU
		{55E2358D-7307-4CD8-89E7-A13317A70CCE}.Debug|x64.ActiveCfg = Debug|Any CPU
		{55E2358D-7307-4CD8-89E7-A13317A70CCE}.Debug|x64.Build.0 = Debug|Any CPU
		{55E2358D-7307-4CD8-89E7-A13317A70CCE}.Debug|x86.ActiveCfg = Debug|Any CPU
		{55E2358D-7307-4CD8-89E7-A13317A70CCE}.Debug|x86.Build.0 = Debug|Any CPU
		{55E2358D-7307-4CD8-89E7-A13317A70CCE}.Release|Any CPU.ActiveCfg = Release|Any CPU
		{55E2358D-7307-4CD8-89E7-A13317A70CCE}.Release|Any CPU.Build.0 = Release|Any CPU
		{55E2358D-7307-4CD8-89E7-A13317A70CCE}.Release|x64.ActiveCfg = Release|Any CPU
		{55E2358D-7307-4CD8-89E7-A13317A70CCE}.Release|x64.Build.0 = Release|Any CPU
		{55E2358D-7307-4CD8-89E7-A13317A70CCE}.Release|x86.ActiveCfg = Release|Any CPU
		{55E2358D-7307-4CD8-89E7-A13317A70CCE}.Release|x86.Build.0 = Release|Any CPU
		{37E9EEFA-B714-4F59-B7FF-3CA0353A7D65}.Debug|Any CPU.ActiveCfg = Debug|Any CPU
		{37E9EEFA-B714-4F59-B7FF-3CA0353A7D65}.Debug|Any CPU.Build.0 = Debug|Any CPU
		{37E9EEFA-B714-4F59-B7FF-3CA0353A7D65}.Debug|x64.ActiveCfg = Debug|Any CPU
		{37E9EEFA-B714-4F59-B7FF-3CA0353A7D65}.Debug|x64.Build.0 = Debug|Any CPU
		{37E9EEFA-B714-4F59-B7FF-3CA0353A7D65}.Debug|x86.ActiveCfg = Debug|Any CPU
		{37E9EEFA-B714-4F59-B7FF-3CA0353A7D65}.Debug|x86.Build.0 = Debug|Any CPU
		{37E9EEFA-B714-4F59-B7FF-3CA0353A7D65}.Release|Any CPU.ActiveCfg = Release|Any CPU
		{37E9EEFA-B714-4F59-B7FF-3CA0353A7D65}.Release|Any CPU.Build.0 = Release|Any CPU
		{37E9EEFA-B714-4F59-B7FF-3CA0353A7D65}.Release|x64.ActiveCfg = Release|Any CPU
		{37E9EEFA-B714-4F59-B7FF-3CA0353A7D65}.Release|x64.Build.0 = Release|Any CPU
		{37E9EEFA-B714-4F59-B7FF-3CA0353A7D65}.Release|x86.ActiveCfg = Release|Any CPU
		{37E9EEFA-B714-4F59-B7FF-3CA0353A7D65}.Release|x86.Build.0 = Release|Any CPU
	EndGlobalSection
	GlobalSection(SolutionProperties) = preSolution
		HideSolutionNode = FALSE
	EndGlobalSection
	GlobalSection(NestedProjects) = preSolution
		{5A50D104-4300-42B8-B653-A1C6A638CCDF} = {827E0CD3-B72D-47B6-A68D-7590B98EB39B}
		{81355DF5-4D04-497B-84D2-D6DC13926915} = {827E0CD3-B72D-47B6-A68D-7590B98EB39B}
		{55E2358D-7307-4CD8-89E7-A13317A70CCE} = {0AB3BF05-4346-4AA6-1389-037BE0695223}
		{37E9EEFA-B714-4F59-B7FF-3CA0353A7D65} = {0AB3BF05-4346-4AA6-1389-037BE0695223}
	EndGlobalSection
EndGlobal
